
Microsoft Visual Studio Solution File, Format Version 12.00
# Visual Studio Version 17
VisualStudioVersion = 17.3.32922.545
MinimumVisualStudioVersion = 10.0.40219.1
Project("{FAE04EC0-301F-11D3-BF4B-00C04F79EFBC}") = "Setsis Fullstack Case", "Setsis Fullstack Case\Setsis Fullstack Case.csproj", "{84DCD1FB-9AF0-44E1-A01F-EC24CC7E3335}"
EndProject
Global
	GlobalSection(SolutionConfigurationPlatforms) = preSolution
		Debug|Any CPU = Debug|Any CPU
		Release|Any CPU = Release|Any CPU
	EndGlobalSection
	GlobalSection(ProjectConfigurationPlatforms) = postSolution
		{84DCD1FB-9AF0-44E1-A01F-EC24CC7E3335}.Debug|Any CPU.ActiveCfg = Debug|Any CPU
		{84DCD1FB-9AF0-44E1-A01F-EC24CC7E3335}.Debug|Any CPU.Build.0 = Debug|Any CPU
		{84DCD1FB-9AF0-44E1-A01F-EC24CC7E3335}.Release|Any CPU.ActiveCfg = Release|Any CPU
		{84DCD1FB-9AF0-44E1-A01F-EC24CC7E3335}.Release|Any CPU.Build.0 = Release|Any CPU
	EndGlobalSection
	GlobalSection(SolutionProperties) = preSolution
		HideSolutionNode = FALSE
	EndGlobalSection
	GlobalSection(ExtensibilityGlobals) = postSolution
		SolutionGuid = {44C21C8F-EF55-422A-AE8A-61D91EE08ACE}
	EndGlobalSection
EndGlobal
